
Microsoft Visual Studio Solution File, Format Version 12.00
# Visual Studio Version 17
VisualStudioVersion = 17.5.002.0
MinimumVisualStudioVersion = 10.0.40219.1
Project("{9A19103F-16F7-4668-BE54-9A1E7A4F7556}") = "Single Responsibility", "Single Responsibility.csproj", "{E47B991A-6025-41CF-A172-0BC1092A4D6A}"
EndProject
Global
	GlobalSection(SolutionConfigurationPlatforms) = preSolution
		Debug|Any CPU = Debug|Any CPU
		Release|Any CPU = Release|Any CPU
	EndGlobalSection
	GlobalSection(ProjectConfigurationPlatforms) = postSolution
		{E47B991A-6025-41CF-A172-0BC1092A4D6A}.Debug|Any CPU.ActiveCfg = Debug|Any CPU
		{E47B991A-6025-41CF-A172-0BC1092A4D6A}.Debug|Any CPU.Build.0 = Debug|Any CPU
		{E47B991A-6025-41CF-A172-0BC1092A4D6A}.Release|Any CPU.ActiveCfg = Release|Any CPU
		{E47B991A-6025-41CF-A172-0BC1092A4D6A}.Release|Any CPU.Build.0 = Release|Any CPU
	EndGlobalSection
	GlobalSection(SolutionProperties) = preSolution
		HideSolutionNode = FALSE
	EndGlobalSection
	GlobalSection(ExtensibilityGlobals) = postSolution
		SolutionGuid = {124642EB-4E4F-4C19-BAC8-9272698336DB}
	EndGlobalSection
EndGlobal
